{
  "originHash" : "93cb29b382ba1d55cb08114f3c3e9e9781da2a682509a0f29c268a01acef64f2",
  "pins" : [
    {
      "identity" : "ctpanoramaview",
      "kind" : "remoteSourceControl",
      "location" : "https://github.com/scihant/CTPanoramaView.git",
      "state" : {
        "revision" : "e7bf67443e9bb3ec16a72c106d629c7f04f66a1f",
        "version" : "1.6.0"
      }
    },
    {
      "identity" : "libphonenumber-ios",
      "kind" : "remoteSourceControl",
      "location" : "https://github.com/iziz/libPhoneNumber-iOS.git",
      "state" : {
        "revision" : "3220b4027117c41f076f1bcc7f3c492ab8957348",
        "version" : "1.2.0"
      }
    },
    {
      "identity" : "lottie-ios",
      "kind" : "remoteSourceControl",
      "location" : "https://github.com/airbnb/lottie-ios.git",
      "state" : {
        "revision" : "a004050748dc197c56256a14dca49a035d74726c",
        "version" : "4.5.2"
      }
    },
    {
      "identity" : "reachability.swift",
      "kind" : "remoteSourceControl",
      "location" : "https://github.com/ashleymills/Reachability.swift",
      "state" : {
        "branch" : "master",
        "revision" : "21d1dc412cfecbe6e34f1f4c4eb88d3f912654a6"
      }
    }
  ],
  "version" : 3
}
