{
  "originHash" : "5777c6dbed9ef64ec43d707b07e498364c3e2f64db3b710a676eb0f5b8844049",
  "pins" : [
    {
      "identity" : "ctpanoramaview",
      "kind" : "remoteSourceControl",
      "location" : "https://github.com/scihant/CTPanoramaView.git",
      "state" : {
        "revision" : "e7bf67443e9bb3ec16a72c106d629c7f04f66a1f",
        "version" : "1.6.0"
      }
    },
    {
      "identity" : "lottie-ios",
      "kind" : "remoteSourceControl",
      "location" : "https://github.com/airbnb/lottie-ios.git",
      "state" : {
        "revision" : "a004050748dc197c56256a14dca49a035d74726c",
        "version" : "4.5.2"
      }
    }
  ],
  "version" : 3
}
